
Microsoft Visual Studio Solution File, Format Version 12.00
# Visual Studio 15
VisualStudioVersion = 15.0.28307.329
MinimumVisualStudioVersion = 10.0.40219.1
Project("{FAE04EC0-301F-11D3-BF4B-00C04F79EFBC}") = "WpfApp1", "WpfApp1.csproj", "{4BE5477A-CA5D-426E-B86D-F04F96F7C65F}"
EndProject
Global
	GlobalSection(SolutionConfigurationPlatforms) = preSolution
		Debug|Any CPU = Debug|Any CPU
		Release|Any CPU = Release|Any CPU
	EndGlobalSection
	GlobalSection(ProjectConfigurationPlatforms) = postSolution
		{4BE5477A-CA5D-426E-B86D-F04F96F7C65F}.Debug|Any CPU.ActiveCfg = Debug|Any CPU
		{4BE5477A-CA5D-426E-B86D-F04F96F7C65F}.Debug|Any CPU.Build.0 = Debug|Any CPU
		{4BE5477A-CA5D-426E-B86D-F04F96F7C65F}.Release|Any CPU.ActiveCfg = Release|Any CPU
		{4BE5477A-CA5D-426E-B86D-F04F96F7C65F}.Release|Any CPU.Build.0 = Release|Any CPU
	EndGlobalSection
	GlobalSection(SolutionProperties) = preSolution
		HideSolutionNode = FALSE
	EndGlobalSection
	GlobalSection(ExtensibilityGlobals) = postSolution
		SolutionGuid = {714C9200-AD1F-43C2-9038-902D825FCA4C}
	EndGlobalSection
EndGlobal
